github.com/ksu-cs-textbooks/hugo-theme-relearn v0.0.0-20240529202521-2cadd589dabc h1:pLh7yrzXygVmX6t5vUc2xviQ5bqZp5EyVc8OhQVn+BU=
github.com/ksu-cs-textbooks/hugo-theme-relearn v0.0.0-20240529202521-2cadd589dabc/go.mod h1:h8Ds5Jx7bTVFTouThBJ2f1KYa2GNxIi/RMbHkNcNVJ8=
github.com/ksu-cs-textbooks/hugo-theme-relearn v0.0.0-20240830193943-5dcc2bd76f72 h1:zUO63kTwRp6CRPCgxm4TGAIHBrkY9SkrJHu+SltkBb4=
github.com/ksu-cs-textbooks/hugo-theme-relearn v0.0.0-20240830193943-5dcc2bd76f72/go.mod h1:h8Ds5Jx7bTVFTouThBJ2f1KYa2GNxIi/RMbHkNcNVJ8=
github.com/ksu-cs-textbooks/hugo-theme-relearn v0.0.0-20250129192048-131c66799f3f h1:of80jwHyMYGDdaoqutjoyxw7vqgj2KGwEa+8esP+GS8=
github.com/ksu-cs-textbooks/hugo-theme-relearn v0.0.0-20250129192048-131c66799f3f/go.mod h1:h8Ds5Jx7bTVFTouThBJ2f1KYa2GNxIi/RMbHkNcNVJ8=
